
Microsoft Visual Studio Solution File, Format Version 12.00
# Visual Studio Version 16
VisualStudioVersion = 16.0.30011.22
MinimumVisualStudioVersion = 10.0.40219.1
Project("{9A19103F-16F7-4668-BE54-9A1E7A4F7556}") = "ConsoleApp1", "ConsoleApp1\ConsoleApp1.csproj", "{3D746B1A-BBD2-445B-B4E2-908226E2E738}"
EndProject
Global
	GlobalSection(SolutionConfigurationPlatforms) = preSolution
		Debug|Any CPU = Debug|Any CPU
		Release|Any CPU = Release|Any CPU
	EndGlobalSection
	GlobalSection(ProjectConfigurationPlatforms) = postSolution
		{3D746B1A-BBD2-445B-B4E2-908226E2E738}.Debug|Any CPU.ActiveCfg = Debug|Any CPU
		{3D746B1A-BBD2-445B-B4E2-908226E2E738}.Debug|Any CPU.Build.0 = Debug|Any CPU
		{3D746B1A-BBD2-445B-B4E2-908226E2E738}.Release|Any CPU.ActiveCfg = Release|Any CPU
		{3D746B1A-BBD2-445B-B4E2-908226E2E738}.Release|Any CPU.Build.0 = Release|Any CPU
	EndGlobalSection
	GlobalSection(SolutionProperties) = preSolution
		HideSolutionNode = FALSE
	EndGlobalSection
	GlobalSection(ExtensibilityGlobals) = postSolution
		SolutionGuid = {687C6086-ECB6-470C-A11A-3A95C8321EA4}
	EndGlobalSection
EndGlobal
